
Microsoft Visual Studio Solution File, Format Version 12.00
# Visual Studio 15
VisualStudioVersion = 15.0.26730.16
MinimumVisualStudioVersion = 10.0.40219.1
Project("{FAE04EC0-301F-11D3-BF4B-00C04F79EFBC}") = "Fibonacci", "Fibonacci\Fibonacci.csproj", "{50755BC9-392A-42C3-BD26-4C0E07BF88D2}"
EndProject
Global
	GlobalSection(SolutionConfigurationPlatforms) = preSolution
		Debug|Any CPU = Debug|Any CPU
		Release|Any CPU = Release|Any CPU
	EndGlobalSection
	GlobalSection(ProjectConfigurationPlatforms) = postSolution
		{50755BC9-392A-42C3-BD26-4C0E07BF88D2}.Debug|Any CPU.ActiveCfg = Debug|Any CPU
		{50755BC9-392A-42C3-BD26-4C0E07BF88D2}.Debug|Any CPU.Build.0 = Debug|Any CPU
		{50755BC9-392A-42C3-BD26-4C0E07BF88D2}.Release|Any CPU.ActiveCfg = Release|Any CPU
		{50755BC9-392A-42C3-BD26-4C0E07BF88D2}.Release|Any CPU.Build.0 = Release|Any CPU
	EndGlobalSection
	GlobalSection(SolutionProperties) = preSolution
		HideSolutionNode = FALSE
	EndGlobalSection
	GlobalSection(ExtensibilityGlobals) = postSolution
		SolutionGuid = {BC932107-C4F1-4CEB-921C-278D6244F2CB}
	EndGlobalSection
EndGlobal
